
Microsoft Visual Studio Solution File, Format Version 12.00
# Visual Studio 15
VisualStudioVersion = 15.0.26730.12
MinimumVisualStudioVersion = 10.0.40219.1
Project("{FAE04EC0-301F-11D3-BF4B-00C04F79EFBC}") = "BEZAI_MOHAMMED_EXAMEN_FINAL_DOTNET_4ISI", "BEZAI_MOHAMMED_EXAMEN_FINAL_DOTNET_4ISI\BEZAI_MOHAMMED_EXAMEN_FINAL_DOTNET_4ISI.csproj", "{DE568351-9EF0-4A70-A2D7-E741D1FAB51B}"
EndProject
Global
	GlobalSection(SolutionConfigurationPlatforms) = preSolution
		Debug|Any CPU = Debug|Any CPU
		Release|Any CPU = Release|Any CPU
	EndGlobalSection
	GlobalSection(ProjectConfigurationPlatforms) = postSolution
		{DE568351-9EF0-4A70-A2D7-E741D1FAB51B}.Debug|Any CPU.ActiveCfg = Debug|Any CPU
		{DE568351-9EF0-4A70-A2D7-E741D1FAB51B}.Debug|Any CPU.Build.0 = Debug|Any CPU
		{DE568351-9EF0-4A70-A2D7-E741D1FAB51B}.Release|Any CPU.ActiveCfg = Release|Any CPU
		{DE568351-9EF0-4A70-A2D7-E741D1FAB51B}.Release|Any CPU.Build.0 = Release|Any CPU
	EndGlobalSection
	GlobalSection(SolutionProperties) = preSolution
		HideSolutionNode = FALSE
	EndGlobalSection
	GlobalSection(ExtensibilityGlobals) = postSolution
		SolutionGuid = {370A2AD0-2068-4C83-8136-76B75BE31C04}
	EndGlobalSection
EndGlobal
